
Microsoft Visual Studio Solution File, Format Version 12.00
# Visual Studio 15
VisualStudioVersion = 15.0.28307.539
MinimumVisualStudioVersion = 10.0.40219.1
Project("{FAE04EC0-301F-11D3-BF4B-00C04F79EFBC}") = "MethodDrill3", "MethodDrill3\MethodDrill3.csproj", "{AF46C7C0-2A3E-451F-B141-0C5AED830DAA}"
EndProject
Global
	GlobalSection(SolutionConfigurationPlatforms) = preSolution
		Debug|Any CPU = Debug|Any CPU
		Release|Any CPU = Release|Any CPU
	EndGlobalSection
	GlobalSection(ProjectConfigurationPlatforms) = postSolution
		{AF46C7C0-2A3E-451F-B141-0C5AED830DAA}.Debug|Any CPU.ActiveCfg = Debug|Any CPU
		{AF46C7C0-2A3E-451F-B141-0C5AED830DAA}.Debug|Any CPU.Build.0 = Debug|Any CPU
		{AF46C7C0-2A3E-451F-B141-0C5AED830DAA}.Release|Any CPU.ActiveCfg = Release|Any CPU
		{AF46C7C0-2A3E-451F-B141-0C5AED830DAA}.Release|Any CPU.Build.0 = Release|Any CPU
	EndGlobalSection
	GlobalSection(SolutionProperties) = preSolution
		HideSolutionNode = FALSE
	EndGlobalSection
	GlobalSection(ExtensibilityGlobals) = postSolution
		SolutionGuid = {91315DFB-CC72-4E13-8926-102B71D4EB48}
	EndGlobalSection
EndGlobal
